{
  "requires": true,
  "lockfileVersion": 1,
  "dependencies": {
    "@ionic-native/video-player": {
      "version": "5.19.1",
      "resolved": "https://registry.npmjs.org/@ionic-native/video-player/-/video-player-5.19.1.tgz",
      "integrity": "sha512-W5bf3+xXIBV0ZeCMb3poTbrKxa0dZ1wpELU7oeQbgstvFsI35voIiF+/vZXu/eb3T0I6my0l4uHnj77f0Q6v1w==",
      "requires": {
        "@types/cordova": "^0.0.34"
      }
    },
    "@types/cordova": {
      "version": "0.0.34",
      "resolved": "https://registry.npmjs.org/@types/cordova/-/cordova-0.0.34.tgz",
      "integrity": "sha1-6nrd907Ow9dimCegw54smt3HPQQ="
    }
  }
}
