{
  "requires": true,
  "lockfileVersion": 1,
  "dependencies": {
    "@ionic-native/in-app-browser": {
      "version": "5.22.0",
      "resolved": "https://registry.npmjs.org/@ionic-native/in-app-browser/-/in-app-browser-5.22.0.tgz",
      "integrity": "sha512-agSZuD6Lm7T/2rTxhwiM3zo+m0QJMLsaKiSwqBcp93sFMrkZoC7dG5LxGshubYODL74BlZjPfDWiS30doY/xEQ==",
      "requires": {
        "@types/cordova": "^0.0.34"
      }
    },
    "@ionic-native/instagram": {
      "version": "5.22.0",
      "resolved": "https://registry.npmjs.org/@ionic-native/instagram/-/instagram-5.22.0.tgz",
      "integrity": "sha512-pSVlD2I3GLlkic6doSN6Fxzew3aqqTGiw9KLed7itLBMyaWIrK43INNHthxSpZWCH8xlV28FM24Z4L9JJ4CruA==",
      "requires": {
        "@types/cordova": "^0.0.34"
      }
    },
    "@ionic-native/video-player": {
      "version": "5.22.0",
      "resolved": "https://registry.npmjs.org/@ionic-native/video-player/-/video-player-5.22.0.tgz",
      "integrity": "sha512-7ue+VfkaB29Pfjnjvz0Xe5IggU7F4k5M4QGgWyHgNvO2LuQPqVZ66wSkQyWSKe+BPjSquOEpT0vipJx3x0wRdQ==",
      "requires": {
        "@types/cordova": "^0.0.34"
      }
    },
    "@types/cordova": {
      "version": "0.0.34",
      "resolved": "https://registry.npmjs.org/@types/cordova/-/cordova-0.0.34.tgz",
      "integrity": "sha1-6nrd907Ow9dimCegw54smt3HPQQ="
    }
  }
}
